
Microsoft Visual Studio Solution File, Format Version 12.00
# Visual Studio Version 17
VisualStudioVersion = 17.14.36119.2 d17.14
MinimumVisualStudioVersion = 10.0.40219.1
Project("{FAE04EC0-301F-11D3-BF4B-00C04F79EFBC}") = "GameOnGitHub", "GameOnGitHub\GameOnGitHub.csproj", "{2E2AC1AA-4A5B-4AFA-99B5-0569E4B60C80}"
EndProject
Global
	GlobalSection(SolutionConfigurationPlatforms) = preSolution
		Debug|Any CPU = Debug|Any CPU
		Release|Any CPU = Release|Any CPU
	EndGlobalSection
	GlobalSection(ProjectConfigurationPlatforms) = postSolution
		{2E2AC1AA-4A5B-4AFA-99B5-0569E4B60C80}.Debug|Any CPU.ActiveCfg = Debug|Any CPU
		{2E2AC1AA-4A5B-4AFA-99B5-0569E4B60C80}.Debug|Any CPU.Build.0 = Debug|Any CPU
		{2E2AC1AA-4A5B-4AFA-99B5-0569E4B60C80}.Release|Any CPU.ActiveCfg = Release|Any CPU
		{2E2AC1AA-4A5B-4AFA-99B5-0569E4B60C80}.Release|Any CPU.Build.0 = Release|Any CPU
	EndGlobalSection
	GlobalSection(SolutionProperties) = preSolution
		HideSolutionNode = FALSE
	EndGlobalSection
	GlobalSection(ExtensibilityGlobals) = postSolution
		SolutionGuid = {ECA38F5E-34D0-4485-84F5-949D4B5673B9}
	EndGlobalSection
EndGlobal
